
Microsoft Visual Studio Solution File, Format Version 12.00
# Visual Studio Version 16
VisualStudioVersion = 16.0.30011.22
MinimumVisualStudioVersion = 10.0.40219.1
Project("{9A19103F-16F7-4668-BE54-9A1E7A4F7556}") = "TMA.Web", "TMA.Web\TMA.Web.csproj", "{48F75D75-3890-4470-A5F4-72532DE229F6}"
EndProject
Project("{E53339B2-1760-4266-BCC7-CA923CBCF16C}") = "docker-compose", "docker-compose.dcproj", "{A1A27281-97BD-422F-8C3C-2004BD1D66C4}"
EndProject
Project("{2150E333-8FDC-42A3-9474-1A3956D46DE8}") = "Services", "Services", "{51675DCC-05A7-44DF-B756-3152D1FD9D5E}"
EndProject
Project("{2150E333-8FDC-42A3-9474-1A3956D46DE8}") = "Libraries", "Libraries", "{ABCD0577-3435-4CA3-94BD-6BEB4D269D7D}"
EndProject
Project("{9A19103F-16F7-4668-BE54-9A1E7A4F7556}") = "TMA.IdentityService", "TMA.IdentityService\TMA.IdentityService.csproj", "{B7B9007E-2E1A-4977-B581-EF179F80E4DB}"
EndProject
Project("{9A19103F-16F7-4668-BE54-9A1E7A4F7556}") = "TMA.Configuration", "TMA.Configuration\TMA.Configuration.csproj", "{98B4CBB0-E108-4019-BDCD-241762FD311D}"
EndProject
Project("{9A19103F-16F7-4668-BE54-9A1E7A4F7556}") = "TMA.Identity", "TMA.Identity\TMA.Identity.csproj", "{CD53CBE5-12A8-4B34-9241-2D67ECC70A48}"
EndProject
Project("{9A19103F-16F7-4668-BE54-9A1E7A4F7556}") = "TMA.Common", "TMA.Common\TMA.Common.csproj", "{32F6B386-E727-4004-83FA-D582D708F0E5}"
EndProject
Project("{9A19103F-16F7-4668-BE54-9A1E7A4F7556}") = "TMA.MessageBus", "TMA.MessageBus\TMA.MessageBus.csproj", "{2CCAD30F-D80E-4A43-A1A9-2C918C8E5971}"
EndProject
Project("{9A19103F-16F7-4668-BE54-9A1E7A4F7556}") = "TMA.Contracts", "TMA.Contracts\TMA.Contracts.csproj", "{30B67997-0CC1-4C28-8DD2-1A17B5522019}"
EndProject
Project("{9A19103F-16F7-4668-BE54-9A1E7A4F7556}") = "TMA.ServiceBase", "TMA.ServiceBase\TMA.ServiceBase.csproj", "{2B32A91D-C9C7-4125-80CA-312577FD3C0A}"
EndProject
Project("{FAE04EC0-301F-11D3-BF4B-00C04F79EFBC}") = "TMA.Web.Common", "TMA.Web.Common\TMA.Web.Common.csproj", "{562D0F3B-3699-42D6-B89B-B7F4FC056A8B}"
EndProject
Project("{9A19103F-16F7-4668-BE54-9A1E7A4F7556}") = "TMA.PrincipalService", "TMA.PrincipalService\TMA.PrincipalService.csproj", "{320390A1-666D-46D0-9EF0-37E61907053A}"
EndProject
Global
	GlobalSection(SolutionConfigurationPlatforms) = preSolution
		Debug|Any CPU = Debug|Any CPU
		Release|Any CPU = Release|Any CPU
	EndGlobalSection
	GlobalSection(ProjectConfigurationPlatforms) = postSolution
		{48F75D75-3890-4470-A5F4-72532DE229F6}.Debug|Any CPU.ActiveCfg = Debug|Any CPU
		{48F75D75-3890-4470-A5F4-72532DE229F6}.Debug|Any CPU.Build.0 = Debug|Any CPU
		{48F75D75-3890-4470-A5F4-72532DE229F6}.Release|Any CPU.ActiveCfg = Release|Any CPU
		{48F75D75-3890-4470-A5F4-72532DE229F6}.Release|Any CPU.Build.0 = Release|Any CPU
		{A1A27281-97BD-422F-8C3C-2004BD1D66C4}.Debug|Any CPU.ActiveCfg = Debug|Any CPU
		{A1A27281-97BD-422F-8C3C-2004BD1D66C4}.Debug|Any CPU.Build.0 = Debug|Any CPU
		{A1A27281-97BD-422F-8C3C-2004BD1D66C4}.Release|Any CPU.ActiveCfg = Release|Any CPU
		{A1A27281-97BD-422F-8C3C-2004BD1D66C4}.Release|Any CPU.Build.0 = Release|Any CPU
		{B7B9007E-2E1A-4977-B581-EF179F80E4DB}.Debug|Any CPU.ActiveCfg = Debug|Any CPU
		{B7B9007E-2E1A-4977-B581-EF179F80E4DB}.Debug|Any CPU.Build.0 = Debug|Any CPU
		{B7B9007E-2E1A-4977-B581-EF179F80E4DB}.Release|Any CPU.ActiveCfg = Release|Any CPU
		{B7B9007E-2E1A-4977-B581-EF179F80E4DB}.Release|Any CPU.Build.0 = Release|Any CPU
		{98B4CBB0-E108-4019-BDCD-241762FD311D}.Debug|Any CPU.ActiveCfg = Debug|Any CPU
		{98B4CBB0-E108-4019-BDCD-241762FD311D}.Debug|Any CPU.Build.0 = Debug|Any CPU
		{98B4CBB0-E108-4019-BDCD-241762FD311D}.Release|Any CPU.ActiveCfg = Release|Any CPU
		{98B4CBB0-E108-4019-BDCD-241762FD311D}.Release|Any CPU.Build.0 = Release|Any CPU
		{CD53CBE5-12A8-4B34-9241-2D67ECC70A48}.Debug|Any CPU.ActiveCfg = Debug|Any CPU
		{CD53CBE5-12A8-4B34-9241-2D67ECC70A48}.Debug|Any CPU.Build.0 = Debug|Any CPU
		{CD53CBE5-12A8-4B34-9241-2D67ECC70A48}.Release|Any CPU.ActiveCfg = Release|Any CPU
		{CD53CBE5-12A8-4B34-9241-2D67ECC70A48}.Release|Any CPU.Build.0 = Release|Any CPU
		{32F6B386-E727-4004-83FA-D582D708F0E5}.Debug|Any CPU.ActiveCfg = Debug|Any CPU
		{32F6B386-E727-4004-83FA-D582D708F0E5}.Debug|Any CPU.Build.0 = Debug|Any CPU
		{32F6B386-E727-4004-83FA-D582D708F0E5}.Release|Any CPU.ActiveCfg = Release|Any CPU
		{32F6B386-E727-4004-83FA-D582D708F0E5}.Release|Any CPU.Build.0 = Release|Any CPU
		{2CCAD30F-D80E-4A43-A1A9-2C918C8E5971}.Debug|Any CPU.ActiveCfg = Debug|Any CPU
		{2CCAD30F-D80E-4A43-A1A9-2C918C8E5971}.Debug|Any CPU.Build.0 = Debug|Any CPU
		{2CCAD30F-D80E-4A43-A1A9-2C918C8E5971}.Release|Any CPU.ActiveCfg = Release|Any CPU
		{2CCAD30F-D80E-4A43-A1A9-2C918C8E5971}.Release|Any CPU.Build.0 = Release|Any CPU
		{30B67997-0CC1-4C28-8DD2-1A17B5522019}.Debug|Any CPU.ActiveCfg = Debug|Any CPU
		{30B67997-0CC1-4C28-8DD2-1A17B5522019}.Debug|Any CPU.Build.0 = Debug|Any CPU
		{30B67997-0CC1-4C28-8DD2-1A17B5522019}.Release|Any CPU.ActiveCfg = Release|Any CPU
		{30B67997-0CC1-4C28-8DD2-1A17B5522019}.Release|Any CPU.Build.0 = Release|Any CPU
		{2B32A91D-C9C7-4125-80CA-312577FD3C0A}.Debug|Any CPU.ActiveCfg = Debug|Any CPU
		{2B32A91D-C9C7-4125-80CA-312577FD3C0A}.Debug|Any CPU.Build.0 = Debug|Any CPU
		{2B32A91D-C9C7-4125-80CA-312577FD3C0A}.Release|Any CPU.ActiveCfg = Release|Any CPU
		{2B32A91D-C9C7-4125-80CA-312577FD3C0A}.Release|Any CPU.Build.0 = Release|Any CPU
		{562D0F3B-3699-42D6-B89B-B7F4FC056A8B}.Debug|Any CPU.ActiveCfg = Debug|Any CPU
		{562D0F3B-3699-42D6-B89B-B7F4FC056A8B}.Debug|Any CPU.Build.0 = Debug|Any CPU
		{562D0F3B-3699-42D6-B89B-B7F4FC056A8B}.Release|Any CPU.ActiveCfg = Release|Any CPU
		{562D0F3B-3699-42D6-B89B-B7F4FC056A8B}.Release|Any CPU.Build.0 = Release|Any CPU
		{320390A1-666D-46D0-9EF0-37E61907053A}.Debug|Any CPU.ActiveCfg = Debug|Any CPU
		{320390A1-666D-46D0-9EF0-37E61907053A}.Debug|Any CPU.Build.0 = Debug|Any CPU
		{320390A1-666D-46D0-9EF0-37E61907053A}.Release|Any CPU.ActiveCfg = Release|Any CPU
		{320390A1-666D-46D0-9EF0-37E61907053A}.Release|Any CPU.Build.0 = Release|Any CPU
	EndGlobalSection
	GlobalSection(SolutionProperties) = preSolution
		HideSolutionNode = FALSE
	EndGlobalSection
	GlobalSection(NestedProjects) = preSolution
		{98B4CBB0-E108-4019-BDCD-241762FD311D} = {ABCD0577-3435-4CA3-94BD-6BEB4D269D7D}
		{CD53CBE5-12A8-4B34-9241-2D67ECC70A48} = {ABCD0577-3435-4CA3-94BD-6BEB4D269D7D}
		{32F6B386-E727-4004-83FA-D582D708F0E5} = {ABCD0577-3435-4CA3-94BD-6BEB4D269D7D}
		{2CCAD30F-D80E-4A43-A1A9-2C918C8E5971} = {ABCD0577-3435-4CA3-94BD-6BEB4D269D7D}
		{30B67997-0CC1-4C28-8DD2-1A17B5522019} = {ABCD0577-3435-4CA3-94BD-6BEB4D269D7D}
		{2B32A91D-C9C7-4125-80CA-312577FD3C0A} = {ABCD0577-3435-4CA3-94BD-6BEB4D269D7D}
		{562D0F3B-3699-42D6-B89B-B7F4FC056A8B} = {ABCD0577-3435-4CA3-94BD-6BEB4D269D7D}
		{320390A1-666D-46D0-9EF0-37E61907053A} = {51675DCC-05A7-44DF-B756-3152D1FD9D5E}
	EndGlobalSection
	GlobalSection(ExtensibilityGlobals) = postSolution
		SolutionGuid = {56FB2F3D-FBD4-4E6E-BF5D-E40AFE2560CB}
	EndGlobalSection
EndGlobal
